
Microsoft Visual Studio Solution File, Format Version 12.00
# Visual Studio Version 16
VisualStudioVersion = 16.0.30907.101
MinimumVisualStudioVersion = 10.0.40219.1
Project("{FAE04EC0-301F-11D3-BF4B-00C04F79EFBC}") = "ListMate.UWP", "ListMate\ListMate.UWP\ListMate.UWP.csproj", "{B80D01B9-54A9-44C4-9120-41D235DED71B}"
EndProject
Project("{FAE04EC0-301F-11D3-BF4B-00C04F79EFBC}") = "ListMate.Android", "ListMate\ListMate.Android\ListMate.Android.csproj", "{F583935E-2BF8-4F43-93CC-545CB8A49DA3}"
EndProject
Project("{FAE04EC0-301F-11D3-BF4B-00C04F79EFBC}") = "ListMate.iOS", "ListMate\ListMate.iOS\ListMate.iOS.csproj", "{02690993-FC6B-47F4-BE3F-9D98C9A0A043}"
EndProject
Project("{FAE04EC0-301F-11D3-BF4B-00C04F79EFBC}") = "ListMate", "ListMate\ListMate\ListMate.csproj", "{03B261F5-5B15-49ED-BE0D-2CCA218D68E3}"
EndProject
Global
	GlobalSection(SolutionConfigurationPlatforms) = preSolution
		Debug|Any CPU = Debug|Any CPU
		Debug|ARM = Debug|ARM
		Debug|iPhone = Debug|iPhone
		Debug|iPhoneSimulator = Debug|iPhoneSimulator
		Debug|x64 = Debug|x64
		Debug|x86 = Debug|x86
		Release|Any CPU = Release|Any CPU
		Release|ARM = Release|ARM
		Release|iPhone = Release|iPhone
		Release|iPhoneSimulator = Release|iPhoneSimulator
		Release|x64 = Release|x64
		Release|x86 = Release|x86
	EndGlobalSection
	GlobalSection(ProjectConfigurationPlatforms) = postSolution
		{B80D01B9-54A9-44C4-9120-41D235DED71B}.Debug|Any CPU.ActiveCfg = Debug|x86
		{B80D01B9-54A9-44C4-9120-41D235DED71B}.Debug|Any CPU.Build.0 = Debug|x86
		{B80D01B9-54A9-44C4-9120-41D235DED71B}.Debug|Any CPU.Deploy.0 = Debug|x86
		{B80D01B9-54A9-44C4-9120-41D235DED71B}.Debug|ARM.ActiveCfg = Debug|ARM
		{B80D01B9-54A9-44C4-9120-41D235DED71B}.Debug|ARM.Build.0 = Debug|ARM
		{B80D01B9-54A9-44C4-9120-41D235DED71B}.Debug|ARM.Deploy.0 = Debug|ARM
		{B80D01B9-54A9-44C4-9120-41D235DED71B}.Debug|iPhone.ActiveCfg = Debug|x86
		{B80D01B9-54A9-44C4-9120-41D235DED71B}.Debug|iPhone.Build.0 = Debug|x86
		{B80D01B9-54A9-44C4-9120-41D235DED71B}.Debug|iPhone.Deploy.0 = Debug|x86
		{B80D01B9-54A9-44C4-9120-41D235DED71B}.Debug|iPhoneSimulator.ActiveCfg = Debug|x86
		{B80D01B9-54A9-44C4-9120-41D235DED71B}.Debug|iPhoneSimulator.Build.0 = Debug|x86
		{B80D01B9-54A9-44C4-9120-41D235DED71B}.Debug|iPhoneSimulator.Deploy.0 = Debug|x86
		{B80D01B9-54A9-44C4-9120-41D235DED71B}.Debug|x64.ActiveCfg = Debug|x64
		{B80D01B9-54A9-44C4-9120-41D235DED71B}.Debug|x64.Build.0 = Debug|x64
		{B80D01B9-54A9-44C4-9120-41D235DED71B}.Debug|x64.Deploy.0 = Debug|x64
		{B80D01B9-54A9-44C4-9120-41D235DED71B}.Debug|x86.ActiveCfg = Debug|x86
		{B80D01B9-54A9-44C4-9120-41D235DED71B}.Debug|x86.Build.0 = Debug|x86
		{B80D01B9-54A9-44C4-9120-41D235DED71B}.Debug|x86.Deploy.0 = Debug|x86
		{B80D01B9-54A9-44C4-9120-41D235DED71B}.Release|Any CPU.ActiveCfg = Release|x86
		{B80D01B9-54A9-44C4-9120-41D235DED71B}.Release|Any CPU.Build.0 = Release|x86
		{B80D01B9-54A9-44C4-9120-41D235DED71B}.Release|Any CPU.Deploy.0 = Release|x86
		{B80D01B9-54A9-44C4-9120-41D235DED71B}.Release|ARM.ActiveCfg = Release|ARM
		{B80D01B9-54A9-44C4-9120-41D235DED71B}.Release|ARM.Build.0 = Release|ARM
		{B80D01B9-54A9-44C4-9120-41D235DED71B}.Release|ARM.Deploy.0 = Release|ARM
		{B80D01B9-54A9-44C4-9120-41D235DED71B}.Release|iPhone.ActiveCfg = Release|x86
		{B80D01B9-54A9-44C4-9120-41D235DED71B}.Release|iPhone.Build.0 = Release|x86
		{B80D01B9-54A9-44C4-9120-41D235DED71B}.Release|iPhone.Deploy.0 = Release|x86
		{B80D01B9-54A9-44C4-9120-41D235DED71B}.Release|iPhoneSimulator.ActiveCfg = Release|x86
		{B80D01B9-54A9-44C4-9120-41D235DED71B}.Release|iPhoneSimulator.Build.0 = Release|x86
		{B80D01B9-54A9-44C4-9120-41D235DED71B}.Release|iPhoneSimulator.Deploy.0 = Release|x86
		{B80D01B9-54A9-44C4-9120-41D235DED71B}.Release|x64.ActiveCfg = Release|x64
		{B80D01B9-54A9-44C4-9120-41D235DED71B}.Release|x64.Build.0 = Release|x64
		{B80D01B9-54A9-44C4-9120-41D235DED71B}.Release|x64.Deploy.0 = Release|x64
		{B80D01B9-54A9-44C4-9120-41D235DED71B}.Release|x86.ActiveCfg = Release|x86
		{B80D01B9-54A9-44C4-9120-41D235DED71B}.Release|x86.Build.0 = Release|x86
		{B80D01B9-54A9-44C4-9120-41D235DED71B}.Release|x86.Deploy.0 = Release|x86
		{F583935E-2BF8-4F43-93CC-545CB8A49DA3}.Debug|Any CPU.ActiveCfg = Debug|Any CPU
		{F583935E-2BF8-4F43-93CC-545CB8A49DA3}.Debug|Any CPU.Build.0 = Debug|Any CPU
		{F583935E-2BF8-4F43-93CC-545CB8A49DA3}.Debug|Any CPU.Deploy.0 = Debug|Any CPU
		{F583935E-2BF8-4F43-93CC-545CB8A49DA3}.Debug|ARM.ActiveCfg = Debug|Any CPU
		{F583935E-2BF8-4F43-93CC-545CB8A49DA3}.Debug|ARM.Build.0 = Debug|Any CPU
		{F583935E-2BF8-4F43-93CC-545CB8A49DA3}.Debug|ARM.Deploy.0 = Debug|Any CPU
		{F583935E-2BF8-4F43-93CC-545CB8A49DA3}.Debug|iPhone.ActiveCfg = Debug|Any CPU
		{F583935E-2BF8-4F43-93CC-545CB8A49DA3}.Debug|iPhone.Build.0 = Debug|Any CPU
		{F583935E-2BF8-4F43-93CC-545CB8A49DA3}.Debug|iPhone.Deploy.0 = Debug|Any CPU
		{F583935E-2BF8-4F43-93CC-545CB8A49DA3}.Debug|iPhoneSimulator.ActiveCfg = Debug|Any CPU
		{F583935E-2BF8-4F43-93CC-545CB8A49DA3}.Debug|iPhoneSimulator.Build.0 = Debug|Any CPU
		{F583935E-2BF8-4F43-93CC-545CB8A49DA3}.Debug|iPhoneSimulator.Deploy.0 = Debug|Any CPU
		{F583935E-2BF8-4F43-93CC-545CB8A49DA3}.Debug|x64.ActiveCfg = Debug|Any CPU
		{F583935E-2BF8-4F43-93CC-545CB8A49DA3}.Debug|x64.Build.0 = Debug|Any CPU
		{F583935E-2BF8-4F43-93CC-545CB8A49DA3}.Debug|x64.Deploy.0 = Debug|Any CPU
		{F583935E-2BF8-4F43-93CC-545CB8A49DA3}.Debug|x86.ActiveCfg = Debug|Any CPU
		{F583935E-2BF8-4F43-93CC-545CB8A49DA3}.Debug|x86.Build.0 = Debug|Any CPU
		{F583935E-2BF8-4F43-93CC-545CB8A49DA3}.Debug|x86.Deploy.0 = Debug|Any CPU
		{F583935E-2BF8-4F43-93CC-545CB8A49DA3}.Release|Any CPU.ActiveCfg = Release|Any CPU
		{F583935E-2BF8-4F43-93CC-545CB8A49DA3}.Release|Any CPU.Build.0 = Release|Any CPU
		{F583935E-2BF8-4F43-93CC-545CB8A49DA3}.Release|Any CPU.Deploy.0 = Release|Any CPU
		{F583935E-2BF8-4F43-93CC-545CB8A49DA3}.Release|ARM.ActiveCfg = Release|Any CPU
		{F583935E-2BF8-4F43-93CC-545CB8A49DA3}.Release|ARM.Build.0 = Release|Any CPU
		{F583935E-2BF8-4F43-93CC-545CB8A49DA3}.Release|ARM.Deploy.0 = Release|Any CPU
		{F583935E-2BF8-4F43-93CC-545CB8A49DA3}.Release|iPhone.ActiveCfg = Release|Any CPU
		{F583935E-2BF8-4F43-93CC-545CB8A49DA3}.Release|iPhone.Build.0 = Release|Any CPU
		{F583935E-2BF8-4F43-93CC-545CB8A49DA3}.Release|iPhone.Deploy.0 = Release|Any CPU
		{F583935E-2BF8-4F43-93CC-545CB8A49DA3}.Release|iPhoneSimulator.ActiveCfg = Release|Any CPU
		{F583935E-2BF8-4F43-93CC-545CB8A49DA3}.Release|iPhoneSimulator.Build.0 = Release|Any CPU
		{F583935E-2BF8-4F43-93CC-545CB8A49DA3}.Release|iPhoneSimulator.Deploy.0 = Release|Any CPU
		{F583935E-2BF8-4F43-93CC-545CB8A49DA3}.Release|x64.ActiveCfg = Release|Any CPU
		{F583935E-2BF8-4F43-93CC-545CB8A49DA3}.Release|x64.Build.0 = Release|Any CPU
		{F583935E-2BF8-4F43-93CC-545CB8A49DA3}.Release|x64.Deploy.0 = Release|Any CPU
		{F583935E-2BF8-4F43-93CC-545CB8A49DA3}.Release|x86.ActiveCfg = Release|Any CPU
		{F583935E-2BF8-4F43-93CC-545CB8A49DA3}.Release|x86.Build.0 = Release|Any CPU
		{F583935E-2BF8-4F43-93CC-545CB8A49DA3}.Release|x86.Deploy.0 = Release|Any CPU
		{02690993-FC6B-47F4-BE3F-9D98C9A0A043}.Debug|Any CPU.ActiveCfg = Debug|iPhoneSimulator
		{02690993-FC6B-47F4-BE3F-9D98C9A0A043}.Debug|Any CPU.Build.0 = Debug|iPhoneSimulator
		{02690993-FC6B-47F4-BE3F-9D98C9A0A043}.Debug|Any CPU.Deploy.0 = Debug|iPhoneSimulator
		{02690993-FC6B-47F4-BE3F-9D98C9A0A043}.Debug|ARM.ActiveCfg = Debug|iPhone
		{02690993-FC6B-47F4-BE3F-9D98C9A0A043}.Debug|ARM.Build.0 = Debug|iPhone
		{02690993-FC6B-47F4-BE3F-9D98C9A0A043}.Debug|ARM.Deploy.0 = Debug|iPhone
		{02690993-FC6B-47F4-BE3F-9D98C9A0A043}.Debug|iPhone.ActiveCfg = Debug|iPhone
		{02690993-FC6B-47F4-BE3F-9D98C9A0A043}.Debug|iPhone.Build.0 = Debug|iPhone
		{02690993-FC6B-47F4-BE3F-9D98C9A0A043}.Debug|iPhone.Deploy.0 = Debug|iPhone
		{02690993-FC6B-47F4-BE3F-9D98C9A0A043}.Debug|iPhoneSimulator.ActiveCfg = Debug|iPhoneSimulator
		{02690993-FC6B-47F4-BE3F-9D98C9A0A043}.Debug|iPhoneSimulator.Build.0 = Debug|iPhoneSimulator
		{02690993-FC6B-47F4-BE3F-9D98C9A0A043}.Debug|iPhoneSimulator.Deploy.0 = Debug|iPhoneSimulator
		{02690993-FC6B-47F4-BE3F-9D98C9A0A043}.Debug|x64.ActiveCfg = Debug|iPhoneSimulator
		{02690993-FC6B-47F4-BE3F-9D98C9A0A043}.Debug|x64.Build.0 = Debug|iPhoneSimulator
		{02690993-FC6B-47F4-BE3F-9D98C9A0A043}.Debug|x64.Deploy.0 = Debug|iPhoneSimulator
		{02690993-FC6B-47F4-BE3F-9D98C9A0A043}.Debug|x86.ActiveCfg = Debug|iPhoneSimulator
		{02690993-FC6B-47F4-BE3F-9D98C9A0A043}.Debug|x86.Build.0 = Debug|iPhoneSimulator
		{02690993-FC6B-47F4-BE3F-9D98C9A0A043}.Debug|x86.Deploy.0 = Debug|iPhoneSimulator
		{02690993-FC6B-47F4-BE3F-9D98C9A0A043}.Release|Any CPU.ActiveCfg = Release|iPhoneSimulator
		{02690993-FC6B-47F4-BE3F-9D98C9A0A043}.Release|Any CPU.Build.0 = Release|iPhoneSimulator
		{02690993-FC6B-47F4-BE3F-9D98C9A0A043}.Release|Any CPU.Deploy.0 = Release|iPhoneSimulator
		{02690993-FC6B-47F4-BE3F-9D98C9A0A043}.Release|ARM.ActiveCfg = Release|iPhoneSimulator
		{02690993-FC6B-47F4-BE3F-9D98C9A0A043}.Release|ARM.Build.0 = Release|iPhoneSimulator
		{02690993-FC6B-47F4-BE3F-9D98C9A0A043}.Release|ARM.Deploy.0 = Release|iPhoneSimulator
		{02690993-FC6B-47F4-BE3F-9D98C9A0A043}.Release|iPhone.ActiveCfg = Release|iPhone
		{02690993-FC6B-47F4-BE3F-9D98C9A0A043}.Release|iPhone.Build.0 = Release|iPhone
		{02690993-FC6B-47F4-BE3F-9D98C9A0A043}.Release|iPhone.Deploy.0 = Release|iPhone
		{02690993-FC6B-47F4-BE3F-9D98C9A0A043}.Release|iPhoneSimulator.ActiveCfg = Release|iPhoneSimulator
		{02690993-FC6B-47F4-BE3F-9D98C9A0A043}.Release|iPhoneSimulator.Build.0 = Release|iPhoneSimulator
		{02690993-FC6B-47F4-BE3F-9D98C9A0A043}.Release|iPhoneSimulator.Deploy.0 = Release|iPhoneSimulator
		{02690993-FC6B-47F4-BE3F-9D98C9A0A043}.Release|x64.ActiveCfg = Release|iPhoneSimulator
		{02690993-FC6B-47F4-BE3F-9D98C9A0A043}.Release|x64.Build.0 = Release|iPhoneSimulator
		{02690993-FC6B-47F4-BE3F-9D98C9A0A043}.Release|x64.Deploy.0 = Release|iPhoneSimulator
		{02690993-FC6B-47F4-BE3F-9D98C9A0A043}.Release|x86.ActiveCfg = Release|iPhoneSimulator
		{02690993-FC6B-47F4-BE3F-9D98C9A0A043}.Release|x86.Build.0 = Release|iPhoneSimulator
		{02690993-FC6B-47F4-BE3F-9D98C9A0A043}.Release|x86.Deploy.0 = Release|iPhoneSimulator
		{03B261F5-5B15-49ED-BE0D-2CCA218D68E3}.Debug|Any CPU.ActiveCfg = Debug|Any CPU
		{03B261F5-5B15-49ED-BE0D-2CCA218D68E3}.Debug|Any CPU.Build.0 = Debug|Any CPU
		{03B261F5-5B15-49ED-BE0D-2CCA218D68E3}.Debug|Any CPU.Deploy.0 = Debug|Any CPU
		{03B261F5-5B15-49ED-BE0D-2CCA218D68E3}.Debug|ARM.ActiveCfg = Debug|Any CPU
		{03B261F5-5B15-49ED-BE0D-2CCA218D68E3}.Debug|ARM.Build.0 = Debug|Any CPU
		{03B261F5-5B15-49ED-BE0D-2CCA218D68E3}.Debug|ARM.Deploy.0 = Debug|Any CPU
		{03B261F5-5B15-49ED-BE0D-2CCA218D68E3}.Debug|iPhone.ActiveCfg = Debug|Any CPU
		{03B261F5-5B15-49ED-BE0D-2CCA218D68E3}.Debug|iPhone.Build.0 = Debug|Any CPU
		{03B261F5-5B15-49ED-BE0D-2CCA218D68E3}.Debug|iPhone.Deploy.0 = Debug|Any CPU
		{03B261F5-5B15-49ED-BE0D-2CCA218D68E3}.Debug|iPhoneSimulator.ActiveCfg = Debug|Any CPU
		{03B261F5-5B15-49ED-BE0D-2CCA218D68E3}.Debug|iPhoneSimulator.Build.0 = Debug|Any CPU
		{03B261F5-5B15-49ED-BE0D-2CCA218D68E3}.Debug|iPhoneSimulator.Deploy.0 = Debug|Any CPU
		{03B261F5-5B15-49ED-BE0D-2CCA218D68E3}.Debug|x64.ActiveCfg = Debug|Any CPU
		{03B261F5-5B15-49ED-BE0D-2CCA218D68E3}.Debug|x64.Build.0 = Debug|Any CPU
		{03B261F5-5B15-49ED-BE0D-2CCA218D68E3}.Debug|x64.Deploy.0 = Debug|Any CPU
		{03B261F5-5B15-49ED-BE0D-2CCA218D68E3}.Debug|x86.ActiveCfg = Debug|Any CPU
		{03B261F5-5B15-49ED-BE0D-2CCA218D68E3}.Debug|x86.Build.0 = Debug|Any CPU
		{03B261F5-5B15-49ED-BE0D-2CCA218D68E3}.Debug|x86.Deploy.0 = Debug|Any CPU
		{03B261F5-5B15-49ED-BE0D-2CCA218D68E3}.Release|Any CPU.ActiveCfg = Release|Any CPU
		{03B261F5-5B15-49ED-BE0D-2CCA218D68E3}.Release|Any CPU.Build.0 = Release|Any CPU
		{03B261F5-5B15-49ED-BE0D-2CCA218D68E3}.Release|Any CPU.Deploy.0 = Release|Any CPU
		{03B261F5-5B15-49ED-BE0D-2CCA218D68E3}.Release|ARM.ActiveCfg = Release|Any CPU
		{03B261F5-5B15-49ED-BE0D-2CCA218D68E3}.Release|ARM.Build.0 = Release|Any CPU
		{03B261F5-5B15-49ED-BE0D-2CCA218D68E3}.Release|ARM.Deploy.0 = Release|Any CPU
		{03B261F5-5B15-49ED-BE0D-2CCA218D68E3}.Release|iPhone.ActiveCfg = Release|Any CPU
		{03B261F5-5B15-49ED-BE0D-2CCA218D68E3}.Release|iPhone.Build.0 = Release|Any CPU
		{03B261F5-5B15-49ED-BE0D-2CCA218D68E3}.Release|iPhone.Deploy.0 = Release|Any CPU
		{03B261F5-5B15-49ED-BE0D-2CCA218D68E3}.Release|iPhoneSimulator.ActiveCfg = Release|Any CPU
		{03B261F5-5B15-49ED-BE0D-2CCA218D68E3}.Release|iPhoneSimulator.Build.0 = Release|Any CPU
		{03B261F5-5B15-49ED-BE0D-2CCA218D68E3}.Release|iPhoneSimulator.Deploy.0 = Release|Any CPU
		{03B261F5-5B15-49ED-BE0D-2CCA218D68E3}.Release|x64.ActiveCfg = Release|Any CPU
		{03B261F5-5B15-49ED-BE0D-2CCA218D68E3}.Release|x64.Build.0 = Release|Any CPU
		{03B261F5-5B15-49ED-BE0D-2CCA218D68E3}.Release|x64.Deploy.0 = Release|Any CPU
		{03B261F5-5B15-49ED-BE0D-2CCA218D68E3}.Release|x86.ActiveCfg = Release|Any CPU
		{03B261F5-5B15-49ED-BE0D-2CCA218D68E3}.Release|x86.Build.0 = Release|Any CPU
		{03B261F5-5B15-49ED-BE0D-2CCA218D68E3}.Release|x86.Deploy.0 = Release|Any CPU
	EndGlobalSection
	GlobalSection(SolutionProperties) = preSolution
		HideSolutionNode = FALSE
	EndGlobalSection
	GlobalSection(ExtensibilityGlobals) = postSolution
		SolutionGuid = {339939D9-3A65-447C-B32A-8368B8804FA2}
	EndGlobalSection
	GlobalSection(TeamFoundationVersionControl) = preSolution
		SccNumberOfProjects = 5
		SccEnterpriseProvider = {4CA58AB2-18FA-4F8D-95D4-32DDF27D184C}
		SccTeamFoundationServer = https://foundation.icomnetworks.net/tfs/icomnet
		SccLocalPath0 = .
		SccProjectUniqueName1 = ListMate\\ListMate.Android\\ListMate.Android.csproj
		SccProjectName1 = ListMate/ListMate.Android
		SccLocalPath1 = ListMate\\ListMate.Android
		SccProjectUniqueName2 = ListMate\\ListMate.iOS\\ListMate.iOS.csproj
		SccProjectName2 = ListMate/ListMate.iOS
		SccLocalPath2 = ListMate\\ListMate.iOS
		SccProjectUniqueName3 = ListMate\\ListMate.UWP\\ListMate.UWP.csproj
		SccProjectName3 = ListMate/ListMate.UWP
		SccLocalPath3 = ListMate\\ListMate.UWP
		SccProjectUniqueName4 = ListMate\\ListMate\\ListMate.csproj
		SccProjectName4 = ListMate/ListMate
		SccLocalPath4 = ListMate\\ListMate
	EndGlobalSection
EndGlobal
